
Microsoft Visual Studio Solution File, Format Version 12.00
# Visual Studio 15
VisualStudioVersion = 15.0.28010.2041
MinimumVisualStudioVersion = 10.0.40219.1
Project("{FAE04EC0-301F-11D3-BF4B-00C04F79EFBC}") = "SGC", "SGC\SGC.csproj", "{9BFCA823-C2D1-4356-AE55-3816863B6912}"
EndProject
Project("{9A19103F-16F7-4668-BE54-9A1E7A4F7556}") = "Entidad", "Entidad\Entidad.csproj", "{CB1D3632-AEC5-45E0-89FF-ACCCEF9887C9}"
EndProject
Project("{2150E333-8FDC-42A3-9474-1A3956D46DE8}") = "1. Notacion", "1. Notacion", "{5FD8F568-A2E2-4B19-8BEB-4B1872108348}"
EndProject
Project("{2150E333-8FDC-42A3-9474-1A3956D46DE8}") = "3. Solucion", "3. Solucion", "{5E3D6C7C-7336-47EA-9A9D-9937F67065E8}"
EndProject
Project("{FAE04EC0-301F-11D3-BF4B-00C04F79EFBC}") = "MacroEntidad", "MacroEntidad\MacroEntidad.csproj", "{C8E2B2B7-FF55-4D17-80AC-64821EC1246B}"
EndProject
Project("{FAE04EC0-301F-11D3-BF4B-00C04F79EFBC}") = "MultiEntidad", "MultiEntidad\MultiEntidad.csproj", "{069B9A45-7933-4D84-8C35-25D73BD81601}"
EndProject
Project("{2150E333-8FDC-42A3-9474-1A3956D46DE8}") = "2. Logica", "2. Logica", "{41980748-5B69-4671-BF7F-FEE069388FEA}"
EndProject
Project("{FAE04EC0-301F-11D3-BF4B-00C04F79EFBC}") = "Conexiones", "Conexiones\Conexiones.csproj", "{F3E6C367-2F3B-4D97-9D21-9C8DE81077B3}"
EndProject
Global
	GlobalSection(SolutionConfigurationPlatforms) = preSolution
		Debug|Any CPU = Debug|Any CPU
		Release|Any CPU = Release|Any CPU
	EndGlobalSection
	GlobalSection(ProjectConfigurationPlatforms) = postSolution
		{9BFCA823-C2D1-4356-AE55-3816863B6912}.Debug|Any CPU.ActiveCfg = Debug|Any CPU
		{9BFCA823-C2D1-4356-AE55-3816863B6912}.Debug|Any CPU.Build.0 = Debug|Any CPU
		{9BFCA823-C2D1-4356-AE55-3816863B6912}.Release|Any CPU.ActiveCfg = Release|Any CPU
		{9BFCA823-C2D1-4356-AE55-3816863B6912}.Release|Any CPU.Build.0 = Release|Any CPU
		{CB1D3632-AEC5-45E0-89FF-ACCCEF9887C9}.Debug|Any CPU.ActiveCfg = Debug|Any CPU
		{CB1D3632-AEC5-45E0-89FF-ACCCEF9887C9}.Debug|Any CPU.Build.0 = Debug|Any CPU
		{CB1D3632-AEC5-45E0-89FF-ACCCEF9887C9}.Release|Any CPU.ActiveCfg = Release|Any CPU
		{CB1D3632-AEC5-45E0-89FF-ACCCEF9887C9}.Release|Any CPU.Build.0 = Release|Any CPU
		{C8E2B2B7-FF55-4D17-80AC-64821EC1246B}.Debug|Any CPU.ActiveCfg = Debug|Any CPU
		{C8E2B2B7-FF55-4D17-80AC-64821EC1246B}.Debug|Any CPU.Build.0 = Debug|Any CPU
		{C8E2B2B7-FF55-4D17-80AC-64821EC1246B}.Release|Any CPU.ActiveCfg = Release|Any CPU
		{C8E2B2B7-FF55-4D17-80AC-64821EC1246B}.Release|Any CPU.Build.0 = Release|Any CPU
		{069B9A45-7933-4D84-8C35-25D73BD81601}.Debug|Any CPU.ActiveCfg = Debug|Any CPU
		{069B9A45-7933-4D84-8C35-25D73BD81601}.Debug|Any CPU.Build.0 = Debug|Any CPU
		{069B9A45-7933-4D84-8C35-25D73BD81601}.Release|Any CPU.ActiveCfg = Release|Any CPU
		{069B9A45-7933-4D84-8C35-25D73BD81601}.Release|Any CPU.Build.0 = Release|Any CPU
		{F3E6C367-2F3B-4D97-9D21-9C8DE81077B3}.Debug|Any CPU.ActiveCfg = Debug|Any CPU
		{F3E6C367-2F3B-4D97-9D21-9C8DE81077B3}.Debug|Any CPU.Build.0 = Debug|Any CPU
		{F3E6C367-2F3B-4D97-9D21-9C8DE81077B3}.Release|Any CPU.ActiveCfg = Release|Any CPU
		{F3E6C367-2F3B-4D97-9D21-9C8DE81077B3}.Release|Any CPU.Build.0 = Release|Any CPU
	EndGlobalSection
	GlobalSection(SolutionProperties) = preSolution
		HideSolutionNode = FALSE
	EndGlobalSection
	GlobalSection(NestedProjects) = preSolution
		{9BFCA823-C2D1-4356-AE55-3816863B6912} = {5E3D6C7C-7336-47EA-9A9D-9937F67065E8}
		{CB1D3632-AEC5-45E0-89FF-ACCCEF9887C9} = {5FD8F568-A2E2-4B19-8BEB-4B1872108348}
		{C8E2B2B7-FF55-4D17-80AC-64821EC1246B} = {5FD8F568-A2E2-4B19-8BEB-4B1872108348}
		{069B9A45-7933-4D84-8C35-25D73BD81601} = {5FD8F568-A2E2-4B19-8BEB-4B1872108348}
		{F3E6C367-2F3B-4D97-9D21-9C8DE81077B3} = {41980748-5B69-4671-BF7F-FEE069388FEA}
	EndGlobalSection
	GlobalSection(ExtensibilityGlobals) = postSolution
		SolutionGuid = {9FFAF7B0-3BBE-4E23-8A63-6E2F77427E5D}
	EndGlobalSection
EndGlobal
