
Microsoft Visual Studio Solution File, Format Version 12.00
# Visual Studio 15
VisualStudioVersion = 15.0.28010.2041
MinimumVisualStudioVersion = 10.0.40219.1
Project("{2150E333-8FDC-42A3-9474-1A3956D46DE8}") = "1. Notacion", "1. Notacion", "{5FD8F568-A2E2-4B19-8BEB-4B1872108348}"
EndProject
Project("{2150E333-8FDC-42A3-9474-1A3956D46DE8}") = "3. Solucion", "3. Solucion", "{5E3D6C7C-7336-47EA-9A9D-9937F67065E8}"
EndProject
Project("{2150E333-8FDC-42A3-9474-1A3956D46DE8}") = "2. Logica", "2. Logica", "{41980748-5B69-4671-BF7F-FEE069388FEA}"
EndProject
Project("{FAE04EC0-301F-11D3-BF4B-00C04F79EFBC}") = "Conexiones", "Conexiones\Conexiones.csproj", "{32F8F82C-9DD3-425B-ACF0-BB7F00DAAB12}"
EndProject
Project("{FAE04EC0-301F-11D3-BF4B-00C04F79EFBC}") = "SGC", "SGC\SGC.csproj", "{9BFCA823-C2D1-4356-AE55-3816863B6912}"
EndProject
Project("{FAE04EC0-301F-11D3-BF4B-00C04F79EFBC}") = "Entidad", "Entidad\Entidad.csproj", "{F059E548-6AA3-4A88-9216-24386BEB3561}"
EndProject
Project("{FAE04EC0-301F-11D3-BF4B-00C04F79EFBC}") = "MacroEntidad", "MacroEntidad\MacroEntidad.csproj", "{8C2AB3A5-FD96-418A-A1A7-ED51A59788E4}"
EndProject
Project("{FAE04EC0-301F-11D3-BF4B-00C04F79EFBC}") = "MultiEntidad", "MultiEntidad\MultiEntidad.csproj", "{255AA3B7-4756-4587-A4E4-7999477B9FBF}"
EndProject
Project("{FAE04EC0-301F-11D3-BF4B-00C04F79EFBC}") = "Transaccion", "Transaccion\Transaccion.csproj", "{ED111651-EBA3-44FC-97C0-FB51DAE50A6A}"
EndProject
Project("{FAE04EC0-301F-11D3-BF4B-00C04F79EFBC}") = "Procedimiento", "Procedimiento\Procedimiento.csproj", "{33E27889-8E67-4CDB-9198-03E6319D2036}"
EndProject
Global
	GlobalSection(SolutionConfigurationPlatforms) = preSolution
		Debug|Any CPU = Debug|Any CPU
		Debug|ARM = Debug|ARM
		Debug|x64 = Debug|x64
		Debug|x86 = Debug|x86
		Release|Any CPU = Release|Any CPU
		Release|ARM = Release|ARM
		Release|x64 = Release|x64
		Release|x86 = Release|x86
	EndGlobalSection
	GlobalSection(ProjectConfigurationPlatforms) = postSolution
		{32F8F82C-9DD3-425B-ACF0-BB7F00DAAB12}.Debug|Any CPU.ActiveCfg = Debug|Any CPU
		{32F8F82C-9DD3-425B-ACF0-BB7F00DAAB12}.Debug|Any CPU.Build.0 = Debug|Any CPU
		{32F8F82C-9DD3-425B-ACF0-BB7F00DAAB12}.Debug|ARM.ActiveCfg = Debug|Any CPU
		{32F8F82C-9DD3-425B-ACF0-BB7F00DAAB12}.Debug|ARM.Build.0 = Debug|Any CPU
		{32F8F82C-9DD3-425B-ACF0-BB7F00DAAB12}.Debug|x64.ActiveCfg = Debug|Any CPU
		{32F8F82C-9DD3-425B-ACF0-BB7F00DAAB12}.Debug|x64.Build.0 = Debug|Any CPU
		{32F8F82C-9DD3-425B-ACF0-BB7F00DAAB12}.Debug|x86.ActiveCfg = Debug|Any CPU
		{32F8F82C-9DD3-425B-ACF0-BB7F00DAAB12}.Debug|x86.Build.0 = Debug|Any CPU
		{32F8F82C-9DD3-425B-ACF0-BB7F00DAAB12}.Release|Any CPU.ActiveCfg = Release|Any CPU
		{32F8F82C-9DD3-425B-ACF0-BB7F00DAAB12}.Release|Any CPU.Build.0 = Release|Any CPU
		{32F8F82C-9DD3-425B-ACF0-BB7F00DAAB12}.Release|ARM.ActiveCfg = Release|Any CPU
		{32F8F82C-9DD3-425B-ACF0-BB7F00DAAB12}.Release|ARM.Build.0 = Release|Any CPU
		{32F8F82C-9DD3-425B-ACF0-BB7F00DAAB12}.Release|x64.ActiveCfg = Release|Any CPU
		{32F8F82C-9DD3-425B-ACF0-BB7F00DAAB12}.Release|x64.Build.0 = Release|Any CPU
		{32F8F82C-9DD3-425B-ACF0-BB7F00DAAB12}.Release|x86.ActiveCfg = Release|Any CPU
		{32F8F82C-9DD3-425B-ACF0-BB7F00DAAB12}.Release|x86.Build.0 = Release|Any CPU
		{9BFCA823-C2D1-4356-AE55-3816863B6912}.Debug|Any CPU.ActiveCfg = Debug|Any CPU
		{9BFCA823-C2D1-4356-AE55-3816863B6912}.Debug|Any CPU.Build.0 = Debug|Any CPU
		{9BFCA823-C2D1-4356-AE55-3816863B6912}.Debug|ARM.ActiveCfg = Debug|Any CPU
		{9BFCA823-C2D1-4356-AE55-3816863B6912}.Debug|ARM.Build.0 = Debug|Any CPU
		{9BFCA823-C2D1-4356-AE55-3816863B6912}.Debug|x64.ActiveCfg = Debug|Any CPU
		{9BFCA823-C2D1-4356-AE55-3816863B6912}.Debug|x64.Build.0 = Debug|Any CPU
		{9BFCA823-C2D1-4356-AE55-3816863B6912}.Debug|x86.ActiveCfg = Debug|Any CPU
		{9BFCA823-C2D1-4356-AE55-3816863B6912}.Debug|x86.Build.0 = Debug|Any CPU
		{9BFCA823-C2D1-4356-AE55-3816863B6912}.Release|Any CPU.ActiveCfg = Release|Any CPU
		{9BFCA823-C2D1-4356-AE55-3816863B6912}.Release|Any CPU.Build.0 = Release|Any CPU
		{9BFCA823-C2D1-4356-AE55-3816863B6912}.Release|ARM.ActiveCfg = Release|Any CPU
		{9BFCA823-C2D1-4356-AE55-3816863B6912}.Release|ARM.Build.0 = Release|Any CPU
		{9BFCA823-C2D1-4356-AE55-3816863B6912}.Release|x64.ActiveCfg = Release|Any CPU
		{9BFCA823-C2D1-4356-AE55-3816863B6912}.Release|x64.Build.0 = Release|Any CPU
		{9BFCA823-C2D1-4356-AE55-3816863B6912}.Release|x86.ActiveCfg = Release|Any CPU
		{9BFCA823-C2D1-4356-AE55-3816863B6912}.Release|x86.Build.0 = Release|Any CPU
		{F059E548-6AA3-4A88-9216-24386BEB3561}.Debug|Any CPU.ActiveCfg = Debug|Any CPU
		{F059E548-6AA3-4A88-9216-24386BEB3561}.Debug|Any CPU.Build.0 = Debug|Any CPU
		{F059E548-6AA3-4A88-9216-24386BEB3561}.Debug|ARM.ActiveCfg = Debug|Any CPU
		{F059E548-6AA3-4A88-9216-24386BEB3561}.Debug|ARM.Build.0 = Debug|Any CPU
		{F059E548-6AA3-4A88-9216-24386BEB3561}.Debug|x64.ActiveCfg = Debug|Any CPU
		{F059E548-6AA3-4A88-9216-24386BEB3561}.Debug|x64.Build.0 = Debug|Any CPU
		{F059E548-6AA3-4A88-9216-24386BEB3561}.Debug|x86.ActiveCfg = Debug|Any CPU
		{F059E548-6AA3-4A88-9216-24386BEB3561}.Debug|x86.Build.0 = Debug|Any CPU
		{F059E548-6AA3-4A88-9216-24386BEB3561}.Release|Any CPU.ActiveCfg = Release|Any CPU
		{F059E548-6AA3-4A88-9216-24386BEB3561}.Release|Any CPU.Build.0 = Release|Any CPU
		{F059E548-6AA3-4A88-9216-24386BEB3561}.Release|ARM.ActiveCfg = Release|Any CPU
		{F059E548-6AA3-4A88-9216-24386BEB3561}.Release|ARM.Build.0 = Release|Any CPU
		{F059E548-6AA3-4A88-9216-24386BEB3561}.Release|x64.ActiveCfg = Release|Any CPU
		{F059E548-6AA3-4A88-9216-24386BEB3561}.Release|x64.Build.0 = Release|Any CPU
		{F059E548-6AA3-4A88-9216-24386BEB3561}.Release|x86.ActiveCfg = Release|Any CPU
		{F059E548-6AA3-4A88-9216-24386BEB3561}.Release|x86.Build.0 = Release|Any CPU
		{8C2AB3A5-FD96-418A-A1A7-ED51A59788E4}.Debug|Any CPU.ActiveCfg = Debug|Any CPU
		{8C2AB3A5-FD96-418A-A1A7-ED51A59788E4}.Debug|Any CPU.Build.0 = Debug|Any CPU
		{8C2AB3A5-FD96-418A-A1A7-ED51A59788E4}.Debug|ARM.ActiveCfg = Debug|Any CPU
		{8C2AB3A5-FD96-418A-A1A7-ED51A59788E4}.Debug|ARM.Build.0 = Debug|Any CPU
		{8C2AB3A5-FD96-418A-A1A7-ED51A59788E4}.Debug|x64.ActiveCfg = Debug|Any CPU
		{8C2AB3A5-FD96-418A-A1A7-ED51A59788E4}.Debug|x64.Build.0 = Debug|Any CPU
		{8C2AB3A5-FD96-418A-A1A7-ED51A59788E4}.Debug|x86.ActiveCfg = Debug|Any CPU
		{8C2AB3A5-FD96-418A-A1A7-ED51A59788E4}.Debug|x86.Build.0 = Debug|Any CPU
		{8C2AB3A5-FD96-418A-A1A7-ED51A59788E4}.Release|Any CPU.ActiveCfg = Release|Any CPU
		{8C2AB3A5-FD96-418A-A1A7-ED51A59788E4}.Release|Any CPU.Build.0 = Release|Any CPU
		{8C2AB3A5-FD96-418A-A1A7-ED51A59788E4}.Release|ARM.ActiveCfg = Release|Any CPU
		{8C2AB3A5-FD96-418A-A1A7-ED51A59788E4}.Release|ARM.Build.0 = Release|Any CPU
		{8C2AB3A5-FD96-418A-A1A7-ED51A59788E4}.Release|x64.ActiveCfg = Release|Any CPU
		{8C2AB3A5-FD96-418A-A1A7-ED51A59788E4}.Release|x64.Build.0 = Release|Any CPU
		{8C2AB3A5-FD96-418A-A1A7-ED51A59788E4}.Release|x86.ActiveCfg = Release|Any CPU
		{8C2AB3A5-FD96-418A-A1A7-ED51A59788E4}.Release|x86.Build.0 = Release|Any CPU
		{255AA3B7-4756-4587-A4E4-7999477B9FBF}.Debug|Any CPU.ActiveCfg = Debug|Any CPU
		{255AA3B7-4756-4587-A4E4-7999477B9FBF}.Debug|Any CPU.Build.0 = Debug|Any CPU
		{255AA3B7-4756-4587-A4E4-7999477B9FBF}.Debug|ARM.ActiveCfg = Debug|Any CPU
		{255AA3B7-4756-4587-A4E4-7999477B9FBF}.Debug|ARM.Build.0 = Debug|Any CPU
		{255AA3B7-4756-4587-A4E4-7999477B9FBF}.Debug|x64.ActiveCfg = Debug|Any CPU
		{255AA3B7-4756-4587-A4E4-7999477B9FBF}.Debug|x64.Build.0 = Debug|Any CPU
		{255AA3B7-4756-4587-A4E4-7999477B9FBF}.Debug|x86.ActiveCfg = Debug|Any CPU
		{255AA3B7-4756-4587-A4E4-7999477B9FBF}.Debug|x86.Build.0 = Debug|Any CPU
		{255AA3B7-4756-4587-A4E4-7999477B9FBF}.Release|Any CPU.ActiveCfg = Release|Any CPU
		{255AA3B7-4756-4587-A4E4-7999477B9FBF}.Release|Any CPU.Build.0 = Release|Any CPU
		{255AA3B7-4756-4587-A4E4-7999477B9FBF}.Release|ARM.ActiveCfg = Release|Any CPU
		{255AA3B7-4756-4587-A4E4-7999477B9FBF}.Release|ARM.Build.0 = Release|Any CPU
		{255AA3B7-4756-4587-A4E4-7999477B9FBF}.Release|x64.ActiveCfg = Release|Any CPU
		{255AA3B7-4756-4587-A4E4-7999477B9FBF}.Release|x64.Build.0 = Release|Any CPU
		{255AA3B7-4756-4587-A4E4-7999477B9FBF}.Release|x86.ActiveCfg = Release|Any CPU
		{255AA3B7-4756-4587-A4E4-7999477B9FBF}.Release|x86.Build.0 = Release|Any CPU
		{ED111651-EBA3-44FC-97C0-FB51DAE50A6A}.Debug|Any CPU.ActiveCfg = Debug|Any CPU
		{ED111651-EBA3-44FC-97C0-FB51DAE50A6A}.Debug|Any CPU.Build.0 = Debug|Any CPU
		{ED111651-EBA3-44FC-97C0-FB51DAE50A6A}.Debug|ARM.ActiveCfg = Debug|Any CPU
		{ED111651-EBA3-44FC-97C0-FB51DAE50A6A}.Debug|ARM.Build.0 = Debug|Any CPU
		{ED111651-EBA3-44FC-97C0-FB51DAE50A6A}.Debug|x64.ActiveCfg = Debug|Any CPU
		{ED111651-EBA3-44FC-97C0-FB51DAE50A6A}.Debug|x64.Build.0 = Debug|Any CPU
		{ED111651-EBA3-44FC-97C0-FB51DAE50A6A}.Debug|x86.ActiveCfg = Debug|Any CPU
		{ED111651-EBA3-44FC-97C0-FB51DAE50A6A}.Debug|x86.Build.0 = Debug|Any CPU
		{ED111651-EBA3-44FC-97C0-FB51DAE50A6A}.Release|Any CPU.ActiveCfg = Release|Any CPU
		{ED111651-EBA3-44FC-97C0-FB51DAE50A6A}.Release|Any CPU.Build.0 = Release|Any CPU
		{ED111651-EBA3-44FC-97C0-FB51DAE50A6A}.Release|ARM.ActiveCfg = Release|Any CPU
		{ED111651-EBA3-44FC-97C0-FB51DAE50A6A}.Release|ARM.Build.0 = Release|Any CPU
		{ED111651-EBA3-44FC-97C0-FB51DAE50A6A}.Release|x64.ActiveCfg = Release|Any CPU
		{ED111651-EBA3-44FC-97C0-FB51DAE50A6A}.Release|x64.Build.0 = Release|Any CPU
		{ED111651-EBA3-44FC-97C0-FB51DAE50A6A}.Release|x86.ActiveCfg = Release|Any CPU
		{ED111651-EBA3-44FC-97C0-FB51DAE50A6A}.Release|x86.Build.0 = Release|Any CPU
		{33E27889-8E67-4CDB-9198-03E6319D2036}.Debug|Any CPU.ActiveCfg = Debug|Any CPU
		{33E27889-8E67-4CDB-9198-03E6319D2036}.Debug|Any CPU.Build.0 = Debug|Any CPU
		{33E27889-8E67-4CDB-9198-03E6319D2036}.Debug|ARM.ActiveCfg = Debug|Any CPU
		{33E27889-8E67-4CDB-9198-03E6319D2036}.Debug|ARM.Build.0 = Debug|Any CPU
		{33E27889-8E67-4CDB-9198-03E6319D2036}.Debug|x64.ActiveCfg = Debug|Any CPU
		{33E27889-8E67-4CDB-9198-03E6319D2036}.Debug|x64.Build.0 = Debug|Any CPU
		{33E27889-8E67-4CDB-9198-03E6319D2036}.Debug|x86.ActiveCfg = Debug|Any CPU
		{33E27889-8E67-4CDB-9198-03E6319D2036}.Debug|x86.Build.0 = Debug|Any CPU
		{33E27889-8E67-4CDB-9198-03E6319D2036}.Release|Any CPU.ActiveCfg = Release|Any CPU
		{33E27889-8E67-4CDB-9198-03E6319D2036}.Release|Any CPU.Build.0 = Release|Any CPU
		{33E27889-8E67-4CDB-9198-03E6319D2036}.Release|ARM.ActiveCfg = Release|Any CPU
		{33E27889-8E67-4CDB-9198-03E6319D2036}.Release|ARM.Build.0 = Release|Any CPU
		{33E27889-8E67-4CDB-9198-03E6319D2036}.Release|x64.ActiveCfg = Release|Any CPU
		{33E27889-8E67-4CDB-9198-03E6319D2036}.Release|x64.Build.0 = Release|Any CPU
		{33E27889-8E67-4CDB-9198-03E6319D2036}.Release|x86.ActiveCfg = Release|Any CPU
		{33E27889-8E67-4CDB-9198-03E6319D2036}.Release|x86.Build.0 = Release|Any CPU
	EndGlobalSection
	GlobalSection(SolutionProperties) = preSolution
		HideSolutionNode = FALSE
	EndGlobalSection
	GlobalSection(NestedProjects) = preSolution
		{32F8F82C-9DD3-425B-ACF0-BB7F00DAAB12} = {41980748-5B69-4671-BF7F-FEE069388FEA}
		{9BFCA823-C2D1-4356-AE55-3816863B6912} = {5E3D6C7C-7336-47EA-9A9D-9937F67065E8}
		{F059E548-6AA3-4A88-9216-24386BEB3561} = {5FD8F568-A2E2-4B19-8BEB-4B1872108348}
		{8C2AB3A5-FD96-418A-A1A7-ED51A59788E4} = {5FD8F568-A2E2-4B19-8BEB-4B1872108348}
		{255AA3B7-4756-4587-A4E4-7999477B9FBF} = {5FD8F568-A2E2-4B19-8BEB-4B1872108348}
		{ED111651-EBA3-44FC-97C0-FB51DAE50A6A} = {41980748-5B69-4671-BF7F-FEE069388FEA}
		{33E27889-8E67-4CDB-9198-03E6319D2036} = {41980748-5B69-4671-BF7F-FEE069388FEA}
	EndGlobalSection
	GlobalSection(ExtensibilityGlobals) = postSolution
		SolutionGuid = {9FFAF7B0-3BBE-4E23-8A63-6E2F77427E5D}
	EndGlobalSection
EndGlobal
